{
  "name": "locustjs-locator",
  "version": "1.0.3",
  "lockfileVersion": 1,
  "requires": true,
  "dependencies": {
    "locustjs-base": {
      "version": "1.0.4",
      "resolved": "https://registry.npmjs.org/locustjs-base/-/locustjs-base-1.0.4.tgz",
      "integrity": "sha512-98nDxPPqpxa7v4JUOW0oBRaEL+B/ztTwohSjHw22ahdZO4Lel32PQBg8Y8UM+P5vytZYgHPE7+6viwCbJJxd9w=="
    },
    "locustjs-extensions-object": {
      "version": "1.0.8",
      "resolved": "https://registry.npmjs.org/locustjs-extensions-object/-/locustjs-extensions-object-1.0.8.tgz",
      "integrity": "sha512-rtB/obG0pyvDBBcirZ14451FgTCPAHzguHDSa62bOD2ncd8xGcZkstn4nlBVYwU6sHbJYb8BTdTU5YJpqVXacA==",
      "requires": {
        "locustjs-base": "^1.0.4",
        "locustjs-extensions-options": "^1.0.5"
      }
    },
    "locustjs-extensions-options": {
      "version": "1.0.5",
      "resolved": "https://registry.npmjs.org/locustjs-extensions-options/-/locustjs-extensions-options-1.0.5.tgz",
      "integrity": "sha512-mLd2omq/7wFKUVjd8BmwpTkePd+7nuNOdo3cYMKxiNBtnFpbPHREg/2CHAj6BC+/x+68gS04sPig/itAdLFj9Q==",
      "requires": {
        "locustjs-base": "^1.0.4"
      }
    }
  }
}
