{
  "name": "locustjs-locator",
  "version": "1.0.0",
  "lockfileVersion": 1,
  "requires": true,
  "dependencies": {
    "locustjs-base": {
      "version": "1.0.3",
      "resolved": "https://registry.npmjs.org/locustjs-base/-/locustjs-base-1.0.3.tgz",
      "integrity": "sha512-95FiBcLq28i9fKu5HdnPF8PX0oFEfmcB+fxCsIBCd89V3iYKlxt8fPzKtjH3krRDoCB4EJX89Gxz1YfDeYcJig=="
    },
    "locustjs-extensions-object": {
      "version": "1.0.7",
      "resolved": "https://registry.npmjs.org/locustjs-extensions-object/-/locustjs-extensions-object-1.0.7.tgz",
      "integrity": "sha512-68U/fjUTdObPaKjZst58N4w2BfBAcvkB6WVVzyhrmii5766j2BzBvqaiIy3hcymqTUmQlVoamXS/Jzus/htYOQ==",
      "requires": {
        "locustjs-base": "^1.0.3",
        "locustjs-extensions-options": "^1.0.3"
      }
    },
    "locustjs-extensions-options": {
      "version": "1.0.3",
      "resolved": "https://registry.npmjs.org/locustjs-extensions-options/-/locustjs-extensions-options-1.0.3.tgz",
      "integrity": "sha512-u4Dxpeos+HNaurjA3ZD53IeUniOWeN3jCKN4jPxPftcuj8Rto6eQxqqJuBxq6CGodjqZNZO1AKumWsqT31LUpw==",
      "requires": {
        "locustjs-base": "^1.0.3"
      }
    }
  }
}
